{
  "object": {
    "pins": [
      {
        "package": "Split",
        "repositoryURL": "https://github.com/splitio/ios-client.git",
        "state": {
          "branch": null,
          "revision": "73b8b0d1e94f13383eee534cfea4ef657760f0ae",
          "version": "3.4.2"
        }
      },
      {
        "package": "OpenFeature",
        "repositoryURL": "https://github.com/open-feature/swift-sdk.git",
        "state": {
          "branch": null,
          "revision": "8455efe44541420cfb5ffcf6d95422361e8209a8",
          "version": "0.4.0"
        }
      }
    ]
  },
  "version": 1
}
